<?xml version="1.0" encoding="UTF-8" standalone="yes" ?>
<CodeBlocks_project_file>
	<FileVersion major="1" minor="6" />
	<Project>
		<Option title="Test 1 Open cv" />
		<Option pch_mode="2" />
		<Option compiler="gcc" />
		<Build>
			<Target title="Debug">
				<Option output="bin/Debug/Test 1 Open cv" prefix_auto="1" extension_auto="1" />
				<Option object_output="obj/Debug/" />
				<Option type="1" />
				<Option compiler="gcc" />
				<Compiler>
					<Add option="-g" />
				</Compiler>
			</Target>
			<Target title="Release">
				<Option output="bin/Release/Test 1 Open cv" prefix_auto="1" extension_auto="1" />
				<Option object_output="obj/Release/" />
				<Option type="1" />
				<Option compiler="gcc" />
				<Compiler>
					<Add option="-O2" />
				</Compiler>
				<Linker>
					<Add option="-s" />
				</Linker>
			</Target>
		</Build>
		<Compiler>
			<Add option="-Wall" />
			<Add option="-fexceptions" />
		</Compiler>
		<Unit filename="include/classes/devise.h" />
		<Unit filename="include/classes/piece.h" />
		<Unit filename="include/classes/pieceType.h" />
		<Unit filename="include/fonctionnement/detection_reconnaissance_suivi.h" />
		<Unit filename="include/fonctionnement/modes_fonctionnement.h" />
		<Unit filename="include/fonctionnement/systeme.h" />
		<Unit filename="include/includesDeBase.h" />
		<Unit filename="main.cpp" />
		<Unit filename="src/classes/devise.cpp" />
		<Unit filename="src/classes/piece.cpp" />
		<Unit filename="src/classes/pieceType.cpp" />
		<Unit filename="src/fonctionnement/detection_reconnaissance_suivi.cpp" />
		<Unit filename="src/fonctionnement/modes_fonctionnement.cpp" />
		<Unit filename="src/fonctionnement/systeme.cpp" />
		<Extensions>
			<code_completion />
			<envvars />
			<debugger />
			<lib_finder disable_auto="1" />
		</Extensions>
	</Project>
</CodeBlocks_project_file>
